
Microsoft Visual Studio Solution File, Format Version 12.00
# Visual Studio Version 16
VisualStudioVersion = 16.0.31702.278
MinimumVisualStudioVersion = 10.0.40219.1
Project("{FAE04EC0-301F-11D3-BF4B-00C04F79EFBC}") = "WeatherApp", "WeatherApp.csproj", "{C68BC0E2-821A-4AC6-99D8-22E7F1C8E963}"
EndProject
Global
	GlobalSection(SolutionConfigurationPlatforms) = preSolution
		Debug|Any CPU = Debug|Any CPU
		Release|Any CPU = Release|Any CPU
	EndGlobalSection
	GlobalSection(ProjectConfigurationPlatforms) = postSolution
		{C68BC0E2-821A-4AC6-99D8-22E7F1C8E963}.Debug|Any CPU.ActiveCfg = Debug|Any CPU
		{C68BC0E2-821A-4AC6-99D8-22E7F1C8E963}.Debug|Any CPU.Build.0 = Debug|Any CPU
		{C68BC0E2-821A-4AC6-99D8-22E7F1C8E963}.Release|Any CPU.ActiveCfg = Release|Any CPU
		{C68BC0E2-821A-4AC6-99D8-22E7F1C8E963}.Release|Any CPU.Build.0 = Release|Any CPU
	EndGlobalSection
	GlobalSection(SolutionProperties) = preSolution
		HideSolutionNode = FALSE
	EndGlobalSection
	GlobalSection(ExtensibilityGlobals) = postSolution
		SolutionGuid = {03173D6C-7AC0-48BA-960E-E7EF5A5AB61C}
	EndGlobalSection
EndGlobal
